dependencies:
- name: app
  repository: file://./charts/app
  version: 0.1.0
- name: app
  repository: file://./charts/app
  version: 0.1.0
- name: app
  repository: file://./charts/app
  version: 0.1.0
- name: app
  repository: file://./charts/app
  version: 0.1.0
- name: app
  repository: file://./charts/app
  version: 0.1.0
- name: app
  repository: file://./charts/app
  version: 0.1.0
- name: app
  repository: file://./charts/app
  version: 0.1.0
- name: app
  repository: file://./charts/app
  version: 0.1.0
- name: app
  repository: file://./charts/app
  version: 0.1.0
- name: app
  repository: file://./charts/app
  version: 0.1.0
- name: app
  repository: file://./charts/app
  version: 0.1.0
- name: app
  repository: file://./charts/app
  version: 0.1.0
- name: app
  repository: file://./charts/app
  version: 0.1.0
- name: app
  repository: file://./charts/app
  version: 0.1.0
- name: app
  repository: file://./charts/app
  version: 0.1.0
- name: app
  repository: file://./charts/app
  version: 0.1.0
- name: app
  repository: file://./charts/app
  version: 0.1.0
- name: app
  repository: file://./charts/app
  version: 0.1.0
- name: app
  repository: file://./charts/app
  version: 0.1.0
digest: sha256:94c8cf2c9fa33bfc41d08ae6e667b2e154361f66a423462633727ce9b6d666e3
generated: "2026-03-27T16:05:48.625778-07:00"
